
Microsoft Visual Studio Solution File, Format Version 12.00
# Visual Studio Version 17
VisualStudioVersion = 17.10.35013.160
MinimumVisualStudioVersion = 10.0.40219.1
Project("{FAE04EC0-301F-11D3-BF4B-00C04F79EFBC}") = "Topic 7 - Assignment", "Topic 7 - Assignment.csproj", "{70E93BAC-B631-4B4F-8EE1-B348219E1AB4}"
EndProject
Global
	GlobalSection(SolutionConfigurationPlatforms) = preSolution
		Debug|Any CPU = Debug|Any CPU
		Release|Any CPU = Release|Any CPU
	EndGlobalSection
	GlobalSection(ProjectConfigurationPlatforms) = postSolution
		{70E93BAC-B631-4B4F-8EE1-B348219E1AB4}.Debug|Any CPU.ActiveCfg = Debug|Any CPU
		{70E93BAC-B631-4B4F-8EE1-B348219E1AB4}.Debug|Any CPU.Build.0 = Debug|Any CPU
		{70E93BAC-B631-4B4F-8EE1-B348219E1AB4}.Release|Any CPU.ActiveCfg = Release|Any CPU
		{70E93BAC-B631-4B4F-8EE1-B348219E1AB4}.Release|Any CPU.Build.0 = Release|Any CPU
	EndGlobalSection
	GlobalSection(SolutionProperties) = preSolution
		HideSolutionNode = FALSE
	EndGlobalSection
	GlobalSection(ExtensibilityGlobals) = postSolution
		SolutionGuid = {A7BA6172-5A53-4CE2-821C-0306505E3D39}
	EndGlobalSection
EndGlobal
